
Microsoft Visual Studio Solution File, Format Version 12.00
# Visual Studio Version 17
VisualStudioVersion = 17.0.31903.59
MinimumVisualStudioVersion = 10.0.40219.1
Project("{2150E333-8FDC-42A3-9474-1A3956D46DE8}") = "Wpf", "Wpf", "{5C7BF01D-621B-4C44-93C7-4C7E9302E990}"
EndProject
Project("{9A19103F-16F7-4668-BE54-9A1E7A4F7556}") = "DevUpWpfDemo", "Wpf\DevUpWpfDemo\DevUpWpfDemo.csproj", "{B8848C2B-1848-4ADA-AE51-D750AB286864}"
EndProject
Project("{2150E333-8FDC-42A3-9474-1A3956D46DE8}") = "Maui", "Maui", "{70D44E91-4CC2-44E8-91E6-1A51D17AFEC1}"
EndProject
Project("{9A19103F-16F7-4668-BE54-9A1E7A4F7556}") = "DevUpMauiDemo", "Maui\DevUpMauiDemo\DevUpMauiDemo.csproj", "{AB2C6D26-A48A-4A5F-831D-6E676FC4A871}"
EndProject
Project("{2150E333-8FDC-42A3-9474-1A3956D46DE8}") = "Uno", "Uno", "{74E142A5-A230-47E8-97CB-B89C059A5590}"
EndProject
Project("{9A19103F-16F7-4668-BE54-9A1E7A4F7556}") = "DevUpUnoDemo", "Uno\DevUpUnoDemo\DevUpUnoDemo.csproj", "{35701D9C-2832-457C-9740-CAED786C66C6}"
EndProject
Project("{9A19103F-16F7-4668-BE54-9A1E7A4F7556}") = "DevUpUnoDemo.CoreModule", "Uno\DevUpUnoDemo.CoreModule\DevUpUnoDemo.CoreModule.csproj", "{3FB06361-A0FB-4900-8752-FE2B111CCF48}"
EndProject
Project("{9A19103F-16F7-4668-BE54-9A1E7A4F7556}") = "DevUpUnoDemo.Mobile", "Uno\DevUpUnoDemo.Mobile\DevUpUnoDemo.Mobile.csproj", "{32A4C28E-8999-45B9-A7E1-9C37A420C152}"
EndProject
Project("{9A19103F-16F7-4668-BE54-9A1E7A4F7556}") = "DevUpUnoDemo.Mvvm", "Uno\DevUpUnoDemo.Mvvm\DevUpUnoDemo.Mvvm.csproj", "{8794EB14-34FC-446B-9F5B-FBCC2FFD6F08}"
EndProject
Project("{9A19103F-16F7-4668-BE54-9A1E7A4F7556}") = "DevUpUnoDemo.Skia.Gtk", "Uno\DevUpUnoDemo.Skia.Gtk\DevUpUnoDemo.Skia.Gtk.csproj", "{E2EEDFDE-1536-4A6D-AE4B-D88105F11945}"
EndProject
Project("{9A19103F-16F7-4668-BE54-9A1E7A4F7556}") = "DevUpUnoDemo.Skia.Linux.FrameBuffer", "Uno\DevUpUnoDemo.Skia.Linux.FrameBuffer\DevUpUnoDemo.Skia.Linux.FrameBuffer.csproj", "{A18AFCCB-B647-4FF4-8025-A5965ABFB5A9}"
EndProject
Project("{9A19103F-16F7-4668-BE54-9A1E7A4F7556}") = "DevUpUnoDemo.Skia.WPF", "Uno\DevUpUnoDemo.Skia.WPF\DevUpUnoDemo.Skia.WPF.csproj", "{3901AD65-2170-4BA0-9AC5-21ED3C809F6B}"
EndProject
Project("{9A19103F-16F7-4668-BE54-9A1E7A4F7556}") = "DevUpUnoDemo.Wasm", "Uno\DevUpUnoDemo.Wasm\DevUpUnoDemo.Wasm.csproj", "{BA8ECFBD-F766-4520-A3E4-0E42B959174E}"
EndProject
Project("{9A19103F-16F7-4668-BE54-9A1E7A4F7556}") = "DevUpUnoDemo.Windows", "Uno\DevUpUnoDemo.Windows\DevUpUnoDemo.Windows.csproj", "{0D4BA61F-B623-4071-A931-F8735BCF3E88}"
EndProject
Project("{9A19103F-16F7-4668-BE54-9A1E7A4F7556}") = "DevUpDemo.ViewModels", "DevUpDemo.ViewModels\DevUpDemo.ViewModels.csproj", "{7F28A880-8F37-4B71-93E5-BCDACE73A9C4}"
EndProject
Project("{2150E333-8FDC-42A3-9474-1A3956D46DE8}") = "Solution Items", "Solution Items", "{102BDF35-454A-44FC-A8E8-EE0F9CFEDE31}"
	ProjectSection(SolutionItems) = preProject
		Directory.Build.props = Directory.Build.props
		Directory.Build.targets = Directory.Build.targets
		Directory.Packages.props = Directory.Packages.props
	EndProjectSection
EndProject
Global
	GlobalSection(SolutionConfigurationPlatforms) = preSolution
		Debug|Any CPU = Debug|Any CPU
		Release|Any CPU = Release|Any CPU
	EndGlobalSection
	GlobalSection(ProjectConfigurationPlatforms) = postSolution
		{B8848C2B-1848-4ADA-AE51-D750AB286864}.Debug|Any CPU.ActiveCfg = Debug|Any CPU
		{B8848C2B-1848-4ADA-AE51-D750AB286864}.Debug|Any CPU.Build.0 = Debug|Any CPU
		{B8848C2B-1848-4ADA-AE51-D750AB286864}.Release|Any CPU.ActiveCfg = Release|Any CPU
		{B8848C2B-1848-4ADA-AE51-D750AB286864}.Release|Any CPU.Build.0 = Release|Any CPU
		{AB2C6D26-A48A-4A5F-831D-6E676FC4A871}.Debug|Any CPU.ActiveCfg = Debug|Any CPU
		{AB2C6D26-A48A-4A5F-831D-6E676FC4A871}.Debug|Any CPU.Build.0 = Debug|Any CPU
		{AB2C6D26-A48A-4A5F-831D-6E676FC4A871}.Release|Any CPU.ActiveCfg = Release|Any CPU
		{AB2C6D26-A48A-4A5F-831D-6E676FC4A871}.Release|Any CPU.Build.0 = Release|Any CPU
		{35701D9C-2832-457C-9740-CAED786C66C6}.Debug|Any CPU.ActiveCfg = Debug|Any CPU
		{35701D9C-2832-457C-9740-CAED786C66C6}.Debug|Any CPU.Build.0 = Debug|Any CPU
		{35701D9C-2832-457C-9740-CAED786C66C6}.Release|Any CPU.ActiveCfg = Release|Any CPU
		{35701D9C-2832-457C-9740-CAED786C66C6}.Release|Any CPU.Build.0 = Release|Any CPU
		{3FB06361-A0FB-4900-8752-FE2B111CCF48}.Debug|Any CPU.ActiveCfg = Debug|Any CPU
		{3FB06361-A0FB-4900-8752-FE2B111CCF48}.Debug|Any CPU.Build.0 = Debug|Any CPU
		{3FB06361-A0FB-4900-8752-FE2B111CCF48}.Release|Any CPU.ActiveCfg = Release|Any CPU
		{3FB06361-A0FB-4900-8752-FE2B111CCF48}.Release|Any CPU.Build.0 = Release|Any CPU
		{32A4C28E-8999-45B9-A7E1-9C37A420C152}.Debug|Any CPU.ActiveCfg = Debug|Any CPU
		{32A4C28E-8999-45B9-A7E1-9C37A420C152}.Debug|Any CPU.Build.0 = Debug|Any CPU
		{32A4C28E-8999-45B9-A7E1-9C37A420C152}.Release|Any CPU.ActiveCfg = Release|Any CPU
		{32A4C28E-8999-45B9-A7E1-9C37A420C152}.Release|Any CPU.Build.0 = Release|Any CPU
		{8794EB14-34FC-446B-9F5B-FBCC2FFD6F08}.Debug|Any CPU.ActiveCfg = Debug|Any CPU
		{8794EB14-34FC-446B-9F5B-FBCC2FFD6F08}.Debug|Any CPU.Build.0 = Debug|Any CPU
		{8794EB14-34FC-446B-9F5B-FBCC2FFD6F08}.Release|Any CPU.ActiveCfg = Release|Any CPU
		{8794EB14-34FC-446B-9F5B-FBCC2FFD6F08}.Release|Any CPU.Build.0 = Release|Any CPU
		{E2EEDFDE-1536-4A6D-AE4B-D88105F11945}.Debug|Any CPU.ActiveCfg = Debug|Any CPU
		{E2EEDFDE-1536-4A6D-AE4B-D88105F11945}.Debug|Any CPU.Build.0 = Debug|Any CPU
		{E2EEDFDE-1536-4A6D-AE4B-D88105F11945}.Release|Any CPU.ActiveCfg = Release|Any CPU
		{E2EEDFDE-1536-4A6D-AE4B-D88105F11945}.Release|Any CPU.Build.0 = Release|Any CPU
		{A18AFCCB-B647-4FF4-8025-A5965ABFB5A9}.Debug|Any CPU.ActiveCfg = Debug|Any CPU
		{A18AFCCB-B647-4FF4-8025-A5965ABFB5A9}.Debug|Any CPU.Build.0 = Debug|Any CPU
		{A18AFCCB-B647-4FF4-8025-A5965ABFB5A9}.Release|Any CPU.ActiveCfg = Release|Any CPU
		{A18AFCCB-B647-4FF4-8025-A5965ABFB5A9}.Release|Any CPU.Build.0 = Release|Any CPU
		{3901AD65-2170-4BA0-9AC5-21ED3C809F6B}.Debug|Any CPU.ActiveCfg = Debug|Any CPU
		{3901AD65-2170-4BA0-9AC5-21ED3C809F6B}.Debug|Any CPU.Build.0 = Debug|Any CPU
		{3901AD65-2170-4BA0-9AC5-21ED3C809F6B}.Release|Any CPU.ActiveCfg = Release|Any CPU
		{3901AD65-2170-4BA0-9AC5-21ED3C809F6B}.Release|Any CPU.Build.0 = Release|Any CPU
		{BA8ECFBD-F766-4520-A3E4-0E42B959174E}.Debug|Any CPU.ActiveCfg = Debug|Any CPU
		{BA8ECFBD-F766-4520-A3E4-0E42B959174E}.Debug|Any CPU.Build.0 = Debug|Any CPU
		{BA8ECFBD-F766-4520-A3E4-0E42B959174E}.Release|Any CPU.ActiveCfg = Release|Any CPU
		{BA8ECFBD-F766-4520-A3E4-0E42B959174E}.Release|Any CPU.Build.0 = Release|Any CPU
		{0D4BA61F-B623-4071-A931-F8735BCF3E88}.Debug|Any CPU.ActiveCfg = Debug|x86
		{0D4BA61F-B623-4071-A931-F8735BCF3E88}.Debug|Any CPU.Build.0 = Debug|x86
		{0D4BA61F-B623-4071-A931-F8735BCF3E88}.Release|Any CPU.ActiveCfg = Release|x86
		{0D4BA61F-B623-4071-A931-F8735BCF3E88}.Release|Any CPU.Build.0 = Release|x86
		{7F28A880-8F37-4B71-93E5-BCDACE73A9C4}.Debug|Any CPU.ActiveCfg = Debug|Any CPU
		{7F28A880-8F37-4B71-93E5-BCDACE73A9C4}.Debug|Any CPU.Build.0 = Debug|Any CPU
		{7F28A880-8F37-4B71-93E5-BCDACE73A9C4}.Release|Any CPU.ActiveCfg = Release|Any CPU
		{7F28A880-8F37-4B71-93E5-BCDACE73A9C4}.Release|Any CPU.Build.0 = Release|Any CPU
	EndGlobalSection
	GlobalSection(SolutionProperties) = preSolution
		HideSolutionNode = FALSE
	EndGlobalSection
	GlobalSection(NestedProjects) = preSolution
		{B8848C2B-1848-4ADA-AE51-D750AB286864} = {5C7BF01D-621B-4C44-93C7-4C7E9302E990}
		{AB2C6D26-A48A-4A5F-831D-6E676FC4A871} = {70D44E91-4CC2-44E8-91E6-1A51D17AFEC1}
		{35701D9C-2832-457C-9740-CAED786C66C6} = {74E142A5-A230-47E8-97CB-B89C059A5590}
		{3FB06361-A0FB-4900-8752-FE2B111CCF48} = {74E142A5-A230-47E8-97CB-B89C059A5590}
		{32A4C28E-8999-45B9-A7E1-9C37A420C152} = {74E142A5-A230-47E8-97CB-B89C059A5590}
		{8794EB14-34FC-446B-9F5B-FBCC2FFD6F08} = {74E142A5-A230-47E8-97CB-B89C059A5590}
		{E2EEDFDE-1536-4A6D-AE4B-D88105F11945} = {74E142A5-A230-47E8-97CB-B89C059A5590}
		{A18AFCCB-B647-4FF4-8025-A5965ABFB5A9} = {74E142A5-A230-47E8-97CB-B89C059A5590}
		{3901AD65-2170-4BA0-9AC5-21ED3C809F6B} = {74E142A5-A230-47E8-97CB-B89C059A5590}
		{BA8ECFBD-F766-4520-A3E4-0E42B959174E} = {74E142A5-A230-47E8-97CB-B89C059A5590}
		{0D4BA61F-B623-4071-A931-F8735BCF3E88} = {74E142A5-A230-47E8-97CB-B89C059A5590}
	EndGlobalSection
EndGlobal
