
Microsoft Visual Studio Solution File, Format Version 12.00
# Visual Studio Version 17
VisualStudioVersion = 17.7.34009.444
MinimumVisualStudioVersion = 10.0.40219.1
Project("{FAE04EC0-301F-11D3-BF4B-00C04F79EFBC}") = "DevUpUnoDemo", "DevUpUnoDemo\DevUpUnoDemo.csproj", "{05230A6F-EB40-4D8E-AB1D-EB5ABF266545}"
EndProject
Project("{FAE04EC0-301F-11D3-BF4B-00C04F79EFBC}") = "DevUpUnoDemo.CoreModule", "DevUpUnoDemo.CoreModule\DevUpUnoDemo.CoreModule.csproj", "{A6A49361-1137-4C0D-B8AF-09336A7A098D}"
EndProject
Project("{FAE04EC0-301F-11D3-BF4B-00C04F79EFBC}") = "DevUpUnoDemo.DataContracts", "DevUpUnoDemo.DataContracts\DevUpUnoDemo.DataContracts.csproj", "{95B61EB5-D4B2-4473-BACE-3AE71F10B609}"
EndProject
Project("{FAE04EC0-301F-11D3-BF4B-00C04F79EFBC}") = "DevUpUnoDemo.Mobile", "DevUpUnoDemo.Mobile\DevUpUnoDemo.Mobile.csproj", "{ACE1A331-69E4-4D67-9222-BE252B3C9D12}"
EndProject
Project("{FAE04EC0-301F-11D3-BF4B-00C04F79EFBC}") = "DevUpUnoDemo.Mvvm", "DevUpUnoDemo.Mvvm\DevUpUnoDemo.Mvvm.csproj", "{6E699BB6-7109-4D94-9972-7B0E86EA5D5F}"
EndProject
Project("{FAE04EC0-301F-11D3-BF4B-00C04F79EFBC}") = "DevUpUnoDemo.Skia.Gtk", "DevUpUnoDemo.Skia.Gtk\DevUpUnoDemo.Skia.Gtk.csproj", "{6BD0DBB0-B32F-4EC7-94B5-87398CA298B7}"
EndProject
Project("{FAE04EC0-301F-11D3-BF4B-00C04F79EFBC}") = "DevUpUnoDemo.Skia.Linux.FrameBuffer", "DevUpUnoDemo.Skia.Linux.FrameBuffer\DevUpUnoDemo.Skia.Linux.FrameBuffer.csproj", "{05DE6A86-0956-4EA1-B3EE-07283308119C}"
EndProject
Project("{FAE04EC0-301F-11D3-BF4B-00C04F79EFBC}") = "DevUpUnoDemo.Skia.WPF", "DevUpUnoDemo.Skia.WPF\DevUpUnoDemo.Skia.WPF.csproj", "{B4D7151A-6EED-43A4-A181-48B5B540673C}"
EndProject
Project("{FAE04EC0-301F-11D3-BF4B-00C04F79EFBC}") = "DevUpUnoDemo.Wasm", "DevUpUnoDemo.Wasm\DevUpUnoDemo.Wasm.csproj", "{D12A3BBF-7ECA-4440-A9BA-5BC30CF59070}"
EndProject
Project("{FAE04EC0-301F-11D3-BF4B-00C04F79EFBC}") = "DevUpUnoDemo.Windows", "DevUpUnoDemo.Windows\DevUpUnoDemo.Windows.csproj", "{ADD3B433-2B0B-49FA-86E2-3156B6368E13}"
EndProject
Global
	GlobalSection(SolutionProperties) = preSolution
		HideSolutionNode = FALSE
	EndGlobalSection
	GlobalSection(ExtensibilityGlobals) = postSolution
		SolutionGuid = {98CA364E-8BEC-4A31-BCA5-2A863D1F9F89}
	EndGlobalSection
	GlobalSection(SolutionConfigurationPlatforms) = preSolution
		Debug|Any CPU = Debug|Any CPU
		Debug|x64 = Debug|x64
		Debug|x86 = Debug|x86
		Release|Any CPU = Release|Any CPU
		Release|x64 = Release|x64
		Release|x86 = Release|x86
	EndGlobalSection
	GlobalSection(ProjectConfigurationPlatforms) = postSolution
		{05230A6F-EB40-4D8E-AB1D-EB5ABF266545}.Debug|Any CPU.ActiveCfg = Debug|Any CPU
		{05230A6F-EB40-4D8E-AB1D-EB5ABF266545}.Debug|Any CPU.Build.0 = Debug|Any CPU
		{05230A6F-EB40-4D8E-AB1D-EB5ABF266545}.Debug|x64.ActiveCfg = Debug|Any CPU
		{05230A6F-EB40-4D8E-AB1D-EB5ABF266545}.Debug|x64.Build.0 = Debug|Any CPU
		{05230A6F-EB40-4D8E-AB1D-EB5ABF266545}.Debug|x86.ActiveCfg = Debug|Any CPU
		{05230A6F-EB40-4D8E-AB1D-EB5ABF266545}.Debug|x86.Build.0 = Debug|Any CPU
		{05230A6F-EB40-4D8E-AB1D-EB5ABF266545}.Release|Any CPU.ActiveCfg = Release|Any CPU
		{05230A6F-EB40-4D8E-AB1D-EB5ABF266545}.Release|Any CPU.Build.0 = Release|Any CPU
		{05230A6F-EB40-4D8E-AB1D-EB5ABF266545}.Release|x64.ActiveCfg = Release|Any CPU
		{05230A6F-EB40-4D8E-AB1D-EB5ABF266545}.Release|x64.Build.0 = Release|Any CPU
		{05230A6F-EB40-4D8E-AB1D-EB5ABF266545}.Release|x86.ActiveCfg = Release|Any CPU
		{05230A6F-EB40-4D8E-AB1D-EB5ABF266545}.Release|x86.Build.0 = Release|Any CPU
		{A6A49361-1137-4C0D-B8AF-09336A7A098D}.Debug|Any CPU.ActiveCfg = Debug|Any CPU
		{A6A49361-1137-4C0D-B8AF-09336A7A098D}.Debug|Any CPU.Build.0 = Debug|Any CPU
		{A6A49361-1137-4C0D-B8AF-09336A7A098D}.Debug|x64.ActiveCfg = Debug|Any CPU
		{A6A49361-1137-4C0D-B8AF-09336A7A098D}.Debug|x64.Build.0 = Debug|Any CPU
		{A6A49361-1137-4C0D-B8AF-09336A7A098D}.Debug|x86.ActiveCfg = Debug|Any CPU
		{A6A49361-1137-4C0D-B8AF-09336A7A098D}.Debug|x86.Build.0 = Debug|Any CPU
		{A6A49361-1137-4C0D-B8AF-09336A7A098D}.Release|Any CPU.ActiveCfg = Release|Any CPU
		{A6A49361-1137-4C0D-B8AF-09336A7A098D}.Release|Any CPU.Build.0 = Release|Any CPU
		{A6A49361-1137-4C0D-B8AF-09336A7A098D}.Release|x64.ActiveCfg = Release|Any CPU
		{A6A49361-1137-4C0D-B8AF-09336A7A098D}.Release|x64.Build.0 = Release|Any CPU
		{A6A49361-1137-4C0D-B8AF-09336A7A098D}.Release|x86.ActiveCfg = Release|Any CPU
		{A6A49361-1137-4C0D-B8AF-09336A7A098D}.Release|x86.Build.0 = Release|Any CPU
		{95B61EB5-D4B2-4473-BACE-3AE71F10B609}.Debug|Any CPU.ActiveCfg = Debug|Any CPU
		{95B61EB5-D4B2-4473-BACE-3AE71F10B609}.Debug|Any CPU.Build.0 = Debug|Any CPU
		{95B61EB5-D4B2-4473-BACE-3AE71F10B609}.Debug|x64.ActiveCfg = Debug|Any CPU
		{95B61EB5-D4B2-4473-BACE-3AE71F10B609}.Debug|x64.Build.0 = Debug|Any CPU
		{95B61EB5-D4B2-4473-BACE-3AE71F10B609}.Debug|x86.ActiveCfg = Debug|Any CPU
		{95B61EB5-D4B2-4473-BACE-3AE71F10B609}.Debug|x86.Build.0 = Debug|Any CPU
		{95B61EB5-D4B2-4473-BACE-3AE71F10B609}.Release|Any CPU.ActiveCfg = Release|Any CPU
		{95B61EB5-D4B2-4473-BACE-3AE71F10B609}.Release|Any CPU.Build.0 = Release|Any CPU
		{95B61EB5-D4B2-4473-BACE-3AE71F10B609}.Release|x64.ActiveCfg = Release|Any CPU
		{95B61EB5-D4B2-4473-BACE-3AE71F10B609}.Release|x64.Build.0 = Release|Any CPU
		{95B61EB5-D4B2-4473-BACE-3AE71F10B609}.Release|x86.ActiveCfg = Release|Any CPU
		{95B61EB5-D4B2-4473-BACE-3AE71F10B609}.Release|x86.Build.0 = Release|Any CPU
		{ACE1A331-69E4-4D67-9222-BE252B3C9D12}.Debug|Any CPU.ActiveCfg = Debug|Any CPU
		{ACE1A331-69E4-4D67-9222-BE252B3C9D12}.Debug|Any CPU.Build.0 = Debug|Any CPU
		{ACE1A331-69E4-4D67-9222-BE252B3C9D12}.Debug|x64.ActiveCfg = Debug|Any CPU
		{ACE1A331-69E4-4D67-9222-BE252B3C9D12}.Debug|x64.Build.0 = Debug|Any CPU
		{ACE1A331-69E4-4D67-9222-BE252B3C9D12}.Debug|x86.ActiveCfg = Debug|Any CPU
		{ACE1A331-69E4-4D67-9222-BE252B3C9D12}.Debug|x86.Build.0 = Debug|Any CPU
		{ACE1A331-69E4-4D67-9222-BE252B3C9D12}.Release|Any CPU.ActiveCfg = Release|Any CPU
		{ACE1A331-69E4-4D67-9222-BE252B3C9D12}.Release|Any CPU.Build.0 = Release|Any CPU
		{ACE1A331-69E4-4D67-9222-BE252B3C9D12}.Release|x64.ActiveCfg = Release|Any CPU
		{ACE1A331-69E4-4D67-9222-BE252B3C9D12}.Release|x64.Build.0 = Release|Any CPU
		{ACE1A331-69E4-4D67-9222-BE252B3C9D12}.Release|x86.ActiveCfg = Release|Any CPU
		{ACE1A331-69E4-4D67-9222-BE252B3C9D12}.Release|x86.Build.0 = Release|Any CPU
		{6E699BB6-7109-4D94-9972-7B0E86EA5D5F}.Debug|Any CPU.ActiveCfg = Debug|Any CPU
		{6E699BB6-7109-4D94-9972-7B0E86EA5D5F}.Debug|Any CPU.Build.0 = Debug|Any CPU
		{6E699BB6-7109-4D94-9972-7B0E86EA5D5F}.Debug|x64.ActiveCfg = Debug|Any CPU
		{6E699BB6-7109-4D94-9972-7B0E86EA5D5F}.Debug|x64.Build.0 = Debug|Any CPU
		{6E699BB6-7109-4D94-9972-7B0E86EA5D5F}.Debug|x86.ActiveCfg = Debug|Any CPU
		{6E699BB6-7109-4D94-9972-7B0E86EA5D5F}.Debug|x86.Build.0 = Debug|Any CPU
		{6E699BB6-7109-4D94-9972-7B0E86EA5D5F}.Release|Any CPU.ActiveCfg = Release|Any CPU
		{6E699BB6-7109-4D94-9972-7B0E86EA5D5F}.Release|Any CPU.Build.0 = Release|Any CPU
		{6E699BB6-7109-4D94-9972-7B0E86EA5D5F}.Release|x64.ActiveCfg = Release|Any CPU
		{6E699BB6-7109-4D94-9972-7B0E86EA5D5F}.Release|x64.Build.0 = Release|Any CPU
		{6E699BB6-7109-4D94-9972-7B0E86EA5D5F}.Release|x86.ActiveCfg = Release|Any CPU
		{6E699BB6-7109-4D94-9972-7B0E86EA5D5F}.Release|x86.Build.0 = Release|Any CPU
		{6BD0DBB0-B32F-4EC7-94B5-87398CA298B7}.Debug|Any CPU.ActiveCfg = Debug|Any CPU
		{6BD0DBB0-B32F-4EC7-94B5-87398CA298B7}.Debug|Any CPU.Build.0 = Debug|Any CPU
		{6BD0DBB0-B32F-4EC7-94B5-87398CA298B7}.Debug|x64.ActiveCfg = Debug|Any CPU
		{6BD0DBB0-B32F-4EC7-94B5-87398CA298B7}.Debug|x64.Build.0 = Debug|Any CPU
		{6BD0DBB0-B32F-4EC7-94B5-87398CA298B7}.Debug|x86.ActiveCfg = Debug|Any CPU
		{6BD0DBB0-B32F-4EC7-94B5-87398CA298B7}.Debug|x86.Build.0 = Debug|Any CPU
		{6BD0DBB0-B32F-4EC7-94B5-87398CA298B7}.Release|Any CPU.ActiveCfg = Release|Any CPU
		{6BD0DBB0-B32F-4EC7-94B5-87398CA298B7}.Release|Any CPU.Build.0 = Release|Any CPU
		{6BD0DBB0-B32F-4EC7-94B5-87398CA298B7}.Release|x64.ActiveCfg = Release|Any CPU
		{6BD0DBB0-B32F-4EC7-94B5-87398CA298B7}.Release|x64.Build.0 = Release|Any CPU
		{6BD0DBB0-B32F-4EC7-94B5-87398CA298B7}.Release|x86.ActiveCfg = Release|Any CPU
		{6BD0DBB0-B32F-4EC7-94B5-87398CA298B7}.Release|x86.Build.0 = Release|Any CPU
		{05DE6A86-0956-4EA1-B3EE-07283308119C}.Debug|Any CPU.ActiveCfg = Debug|Any CPU
		{05DE6A86-0956-4EA1-B3EE-07283308119C}.Debug|Any CPU.Build.0 = Debug|Any CPU
		{05DE6A86-0956-4EA1-B3EE-07283308119C}.Debug|x64.ActiveCfg = Debug|Any CPU
		{05DE6A86-0956-4EA1-B3EE-07283308119C}.Debug|x64.Build.0 = Debug|Any CPU
		{05DE6A86-0956-4EA1-B3EE-07283308119C}.Debug|x86.ActiveCfg = Debug|Any CPU
		{05DE6A86-0956-4EA1-B3EE-07283308119C}.Debug|x86.Build.0 = Debug|Any CPU
		{05DE6A86-0956-4EA1-B3EE-07283308119C}.Release|Any CPU.ActiveCfg = Release|Any CPU
		{05DE6A86-0956-4EA1-B3EE-07283308119C}.Release|Any CPU.Build.0 = Release|Any CPU
		{05DE6A86-0956-4EA1-B3EE-07283308119C}.Release|x64.ActiveCfg = Release|Any CPU
		{05DE6A86-0956-4EA1-B3EE-07283308119C}.Release|x64.Build.0 = Release|Any CPU
		{05DE6A86-0956-4EA1-B3EE-07283308119C}.Release|x86.ActiveCfg = Release|Any CPU
		{05DE6A86-0956-4EA1-B3EE-07283308119C}.Release|x86.Build.0 = Release|Any CPU
		{B4D7151A-6EED-43A4-A181-48B5B540673C}.Debug|Any CPU.ActiveCfg = Debug|Any CPU
		{B4D7151A-6EED-43A4-A181-48B5B540673C}.Debug|Any CPU.Build.0 = Debug|Any CPU
		{B4D7151A-6EED-43A4-A181-48B5B540673C}.Debug|x64.ActiveCfg = Debug|Any CPU
		{B4D7151A-6EED-43A4-A181-48B5B540673C}.Debug|x64.Build.0 = Debug|Any CPU
		{B4D7151A-6EED-43A4-A181-48B5B540673C}.Debug|x86.ActiveCfg = Debug|Any CPU
		{B4D7151A-6EED-43A4-A181-48B5B540673C}.Debug|x86.Build.0 = Debug|Any CPU
		{B4D7151A-6EED-43A4-A181-48B5B540673C}.Release|Any CPU.ActiveCfg = Release|Any CPU
		{B4D7151A-6EED-43A4-A181-48B5B540673C}.Release|Any CPU.Build.0 = Release|Any CPU
		{B4D7151A-6EED-43A4-A181-48B5B540673C}.Release|x64.ActiveCfg = Release|Any CPU
		{B4D7151A-6EED-43A4-A181-48B5B540673C}.Release|x64.Build.0 = Release|Any CPU
		{B4D7151A-6EED-43A4-A181-48B5B540673C}.Release|x86.ActiveCfg = Release|Any CPU
		{B4D7151A-6EED-43A4-A181-48B5B540673C}.Release|x86.Build.0 = Release|Any CPU
		{D12A3BBF-7ECA-4440-A9BA-5BC30CF59070}.Debug|Any CPU.ActiveCfg = Debug|Any CPU
		{D12A3BBF-7ECA-4440-A9BA-5BC30CF59070}.Debug|Any CPU.Build.0 = Debug|Any CPU
		{D12A3BBF-7ECA-4440-A9BA-5BC30CF59070}.Debug|x64.ActiveCfg = Debug|Any CPU
		{D12A3BBF-7ECA-4440-A9BA-5BC30CF59070}.Debug|x64.Build.0 = Debug|Any CPU
		{D12A3BBF-7ECA-4440-A9BA-5BC30CF59070}.Debug|x86.ActiveCfg = Debug|Any CPU
		{D12A3BBF-7ECA-4440-A9BA-5BC30CF59070}.Debug|x86.Build.0 = Debug|Any CPU
		{D12A3BBF-7ECA-4440-A9BA-5BC30CF59070}.Release|Any CPU.ActiveCfg = Release|Any CPU
		{D12A3BBF-7ECA-4440-A9BA-5BC30CF59070}.Release|Any CPU.Build.0 = Release|Any CPU
		{D12A3BBF-7ECA-4440-A9BA-5BC30CF59070}.Release|x64.ActiveCfg = Release|Any CPU
		{D12A3BBF-7ECA-4440-A9BA-5BC30CF59070}.Release|x64.Build.0 = Release|Any CPU
		{D12A3BBF-7ECA-4440-A9BA-5BC30CF59070}.Release|x86.ActiveCfg = Release|Any CPU
		{D12A3BBF-7ECA-4440-A9BA-5BC30CF59070}.Release|x86.Build.0 = Release|Any CPU
		{ADD3B433-2B0B-49FA-86E2-3156B6368E13}.Debug|Any CPU.ActiveCfg = Debug|x86
		{ADD3B433-2B0B-49FA-86E2-3156B6368E13}.Debug|Any CPU.Build.0 = Debug|x86
		{ADD3B433-2B0B-49FA-86E2-3156B6368E13}.Debug|x64.ActiveCfg = Debug|x64
		{ADD3B433-2B0B-49FA-86E2-3156B6368E13}.Debug|x64.Build.0 = Debug|x64
		{ADD3B433-2B0B-49FA-86E2-3156B6368E13}.Debug|x86.ActiveCfg = Debug|x86
		{ADD3B433-2B0B-49FA-86E2-3156B6368E13}.Debug|x86.Build.0 = Debug|x86
		{ADD3B433-2B0B-49FA-86E2-3156B6368E13}.Release|Any CPU.ActiveCfg = Release|x86
		{ADD3B433-2B0B-49FA-86E2-3156B6368E13}.Release|Any CPU.Build.0 = Release|x86
		{ADD3B433-2B0B-49FA-86E2-3156B6368E13}.Release|x64.ActiveCfg = Release|x64
		{ADD3B433-2B0B-49FA-86E2-3156B6368E13}.Release|x64.Build.0 = Release|x64
		{ADD3B433-2B0B-49FA-86E2-3156B6368E13}.Release|x86.ActiveCfg = Release|x86
		{ADD3B433-2B0B-49FA-86E2-3156B6368E13}.Release|x86.Build.0 = Release|x86
	EndGlobalSection
EndGlobal
